<Project xmlns="http://schemas.microsoft.com/developer/msbuild/2003">
    <PropertyGroup>
        <ProjectGuid>{A3FC624C-0958-4944-A2D0-53FDF2780989}</ProjectGuid>
        <ProjectVersion>15.3</ProjectVersion>
        <FrameworkType>FMX</FrameworkType>
        <MainSource>WebOSMapsDemo.dpr</MainSource>
        <Base>True</Base>
        <Config Condition="'$(Config)'==''">Debug</Config>
        <Platform Condition="'$(Platform)'==''">iOSDevice</Platform>
        <TargetedPlatforms>72</TargetedPlatforms>
        <AppType>Application</AppType>
    </PropertyGroup>
    <PropertyGroup Condition="'$(Config)'=='Base' or '$(Base)'!=''">
        <Base>true</Base>
    </PropertyGroup>
    <PropertyGroup Condition="('$(Platform)'=='Android' and '$(Base)'=='true') or '$(Base_Android)'!=''">
        <Base_Android>true</Base_Android>
        <CfgParent>Base</CfgParent>
        <Base>true</Base>
    </PropertyGroup>
    <PropertyGroup Condition="('$(Platform)'=='iOSDevice' and '$(Base)'=='true') or '$(Base_iOSDevice)'!=''">
        <Base_iOSDevice>true</Base_iOSDevice>
        <CfgParent>Base</CfgParent>
        <Base>true</Base>
    </PropertyGroup>
    <PropertyGroup Condition="('$(Platform)'=='iOSSimulator' and '$(Base)'=='true') or '$(Base_iOSSimulator)'!=''">
        <Base_iOSSimulator>true</Base_iOSSimulator>
        <CfgParent>Base</CfgParent>
        <Base>true</Base>
    </PropertyGroup>
    <PropertyGroup Condition="('$(Platform)'=='Win32' and '$(Base)'=='true') or '$(Base_Win32)'!=''">
        <Base_Win32>true</Base_Win32>
        <CfgParent>Base</CfgParent>
        <Base>true</Base>
    </PropertyGroup>
    <PropertyGroup Condition="'$(Config)'=='Debug' or '$(Cfg_1)'!=''">
        <Cfg_1>true</Cfg_1>
        <CfgParent>Base</CfgParent>
        <Base>true</Base>
    </PropertyGroup>
    <PropertyGroup Condition="('$(Platform)'=='iOSDevice' and '$(Cfg_1)'=='true') or '$(Cfg_1_iOSDevice)'!=''">
        <Cfg_1_iOSDevice>true</Cfg_1_iOSDevice>
        <CfgParent>Cfg_1</CfgParent>
        <Cfg_1>true</Cfg_1>
        <Base>true</Base>
    </PropertyGroup>
    <PropertyGroup Condition="('$(Platform)'=='iOSSimulator' and '$(Cfg_1)'=='true') or '$(Cfg_1_iOSSimulator)'!=''">
        <Cfg_1_iOSSimulator>true</Cfg_1_iOSSimulator>
        <CfgParent>Cfg_1</CfgParent>
        <Cfg_1>true</Cfg_1>
        <Base>true</Base>
    </PropertyGroup>
    <PropertyGroup Condition="('$(Platform)'=='Win32' and '$(Cfg_1)'=='true') or '$(Cfg_1_Win32)'!=''">
        <Cfg_1_Win32>true</Cfg_1_Win32>
        <CfgParent>Cfg_1</CfgParent>
        <Cfg_1>true</Cfg_1>
        <Base>true</Base>
    </PropertyGroup>
    <PropertyGroup Condition="'$(Config)'=='Release' or '$(Cfg_2)'!=''">
        <Cfg_2>true</Cfg_2>
        <CfgParent>Base</CfgParent>
        <Base>true</Base>
    </PropertyGroup>
    <PropertyGroup Condition="'$(Base)'!=''">
        <OrientationLandscapeRight>true</OrientationLandscapeRight>
        <OrientationLandscapeLeft>true</OrientationLandscapeLeft>
        <DCC_Namespace>System;Xml;Data;Datasnap;Web;Soap;$(DCC_Namespace)</DCC_Namespace>
        <DCC_DcuOutput>.\$(Platform)\$(Config)</DCC_DcuOutput>
        <DCC_ExeOutput>.\$(Platform)\$(Config)</DCC_ExeOutput>
        <DCC_E>false</DCC_E>
        <DCC_N>false</DCC_N>
        <DCC_S>false</DCC_S>
        <DCC_F>false</DCC_F>
        <DCC_K>false</DCC_K>
    </PropertyGroup>
    <PropertyGroup Condition="'$(Base_Android)'!=''">
        <Android_LauncherIcon36>$(BDS)\bin\Artwork\Android\FM_LauncherIcon_36x36.png</Android_LauncherIcon36>
        <Android_LauncherIcon96>$(BDS)\bin\Artwork\Android\FM_LauncherIcon_96x96.png</Android_LauncherIcon96>
        <Android_LauncherIcon48>$(BDS)\bin\Artwork\Android\FM_LauncherIcon_48x48.png</Android_LauncherIcon48>
        <VerInfo_IncludeVerInfo>true</VerInfo_IncludeVerInfo>
        <BT_BuildType>Debug</BT_BuildType>
        <Android_LauncherIcon144>$(BDS)\bin\Artwork\Android\FM_LauncherIcon_144x144.png</Android_LauncherIcon144>
        <Android_LauncherIcon72>$(BDS)\bin\Artwork\Android\FM_LauncherIcon_72x72.png</Android_LauncherIcon72>
        <VerInfo_Keys>package=com.embarcadero.$(MSBuildProjectName);label=$(MSBuildProjectName);versionCode=1;versionName=1.0.0;persistent=False;restoreAnyVersion=False;installLocation=preferExternal;largeHeap=False;theme=TitleBar</VerInfo_Keys>
    </PropertyGroup>
    <PropertyGroup Condition="'$(Base_iOSDevice)'!=''">
        <iPhone_AppIcon120>$(BDS)\bin\Artwork\iOS\iPhone\FM_ApplicationIcon_120x120.png</iPhone_AppIcon120>
        <iPad_AppIcon76>$(BDS)\bin\Artwork\iOS\iPad\FM_ApplicationIcon_76x76.png</iPad_AppIcon76>
        <iPhone_Spotlight40>$(BDS)\bin\Artwork\iOS\iPhone\FM_SpotlightSearchIcon_40x40.png</iPhone_Spotlight40>
        <iPad_Launch768x1024>$(BDS)\bin\Artwork\iOS\iPad\FM_LaunchImagePortrait_768x1024.png</iPad_Launch768x1024>
        <iPhone_Spotlight80>$(BDS)\bin\Artwork\iOS\iPhone\FM_SpotlightSearchIcon_80x80.png</iPhone_Spotlight80>
        <iPad_Launch1024x768>$(BDS)\bin\Artwork\iOS\iPad\FM_LaunchImageLandscape_1024x768.png</iPad_Launch1024x768>
        <iPad_SpotLight40>$(BDS)\bin\Artwork\iOS\iPad\FM_SpotlightSearchIcon_40x40.png</iPad_SpotLight40>
        <iPad_Launch1536x2048>$(BDS)\bin\Artwork\iOS\iPad\FM_LaunchImagePortrait_1536x2048.png</iPad_Launch1536x2048>
        <iPhone_AppIcon60>$(BDS)\bin\Artwork\iOS\iPhone\FM_ApplicationIcon_60x60.png</iPhone_AppIcon60>
        <iPad_AppIcon152>$(BDS)\bin\Artwork\iOS\iPad\FM_ApplicationIcon_152x152.png</iPad_AppIcon152>
        <iPad_Launch2048x1536>$(BDS)\bin\Artwork\iOS\iPad\FM_LaunchImageLandscape_2048x1536.png</iPad_Launch2048x1536>
        <iPad_SpotLight80>$(BDS)\bin\Artwork\iOS\iPad\FM_SpotlightSearchIcon_80x80.png</iPad_SpotLight80>
        <iPad_AppIcon144>$(BDS)\bin\Artwork\iOS\iPad\FM_ApplicationIcon_144x144.png</iPad_AppIcon144>
        <iPhone_Launch640>$(BDS)\bin\Artwork\iOS\iPhone\FM_LaunchImage_640x960.png</iPhone_Launch640>
        <iPad_SpotLight100>$(BDS)\bin\Artwork\iOS\iPad\FM_SpotlightSearchIcon_100x100.png</iPad_SpotLight100>
        <iPhone_AppIcon114>$(BDS)\bin\Artwork\iOS\iPhone\FM_ApplicationIcon_114x114.png</iPhone_AppIcon114>
        <VerInfo_IncludeVerInfo>true</VerInfo_IncludeVerInfo>
        <iPhone_Launch320>$(BDS)\bin\Artwork\iOS\iPhone\FM_LaunchImage_320x480.png</iPhone_Launch320>
        <iPhone_Launch640x1136>$(BDS)\bin\Artwork\iOS\iPhone\FM_LaunchImage_640x1136.png</iPhone_Launch640x1136>
        <iPhone_Spotlight58>$(BDS)\bin\Artwork\iOS\iPhone\FM_SpotlightSearchIcon_58x58.png</iPhone_Spotlight58>
        <iPhone_Spotlight29>$(BDS)\bin\Artwork\iOS\iPhone\FM_SpotlightSearchIcon_29x29.png</iPhone_Spotlight29>
        <iPad_Launch1536>$(BDS)\bin\Artwork\iOS\iPad\FM_LaunchImagePortrait_1536x2008.png</iPad_Launch1536>
        <iPhone_AppIcon57>$(BDS)\bin\Artwork\iOS\iPhone\FM_ApplicationIcon_57x57.png</iPhone_AppIcon57>
        <iPad_Launch768>$(BDS)\bin\Artwork\iOS\iPad\FM_LaunchImagePortrait_768x1004.png</iPad_Launch768>
        <BT_BuildType>Debug</BT_BuildType>
        <VerInfo_BundleId>$(MSBuildProjectName)</VerInfo_BundleId>
        <iPad_SpotLight50>$(BDS)\bin\Artwork\iOS\iPad\FM_SpotlightSearchIcon_50x50.png</iPad_SpotLight50>
        <iPad_Launch2048>$(BDS)\bin\Artwork\iOS\iPad\FM_LaunchImageLandscape_2048x1496.png</iPad_Launch2048>
        <iPad_Launch1024>$(BDS)\bin\Artwork\iOS\iPad\FM_LaunchImageLandscape_1024x748.png</iPad_Launch1024>
        <VerInfo_Keys>CFBundleName=$(MSBuildProjectName);CFBundleDevelopmentRegion=en;CFBundleDisplayName=$(MSBuildProjectName);CFBundleIdentifier=$(MSBuildProjectName);CFBundleInfoDictionaryVersion=6.0;CFBundleVersion=1.0.0.0;CFBundlePackageType=APPL;CFBundleSignature=????;LSRequiresIPhoneOS=true;CFBundleAllowMixedLocalizations=YES;CFBundleExecutable=$(MSBuildProjectName);UIDeviceFamily=iPhone &amp; iPad;CFBundleResourceSpecification=ResourceRules.plist</VerInfo_Keys>
        <iPad_Setting58>$(BDS)\bin\Artwork\iOS\iPad\FM_SettingIcon_58x58.png</iPad_Setting58>
        <DCC_UsePackage>bindcompfmx;DBXSqliteDriver;fmx;rtl;dbrtl;DbxClientDriver;IndySystem;bindcomp;DBXInterBaseDriver;DataSnapClient;DataSnapCommon;DataSnapProviderClient;xmlrtl;DbxCommonDriver;IndyProtocols;dbxcds;bindengine;soaprtl;bindcompdbx;CustomIPTransport;dsnap;fmxase;IndyCore;IndyIPCommon;inet;TMSFMXMapsPkgDXE3;dbexpress;IndyIPClient;$(DCC_UsePackage)</DCC_UsePackage>
        <iPad_AppIcon72>$(BDS)\bin\Artwork\iOS\iPad\FM_ApplicationIcon_72x72.png</iPad_AppIcon72>
        <VerInfo_UIDeviceFamily>iPhoneAndiPad</VerInfo_UIDeviceFamily>
        <iPad_Setting29>$(BDS)\bin\Artwork\iOS\iPad\FM_SettingIcon_29x29.png</iPad_Setting29>
    </PropertyGroup>
    <PropertyGroup Condition="'$(Base_iOSSimulator)'!=''">
        <iPhone_AppIcon120>$(BDS)\bin\Artwork\iOS\iPhone\FM_ApplicationIcon_120x120.png</iPhone_AppIcon120>
        <iPad_Launch2048x1536>$(BDS)\bin\Artwork\iOS\iPad\FM_LaunchImageLandscape_2048x1536.png</iPad_Launch2048x1536>
        <iPhone_Spotlight40>$(BDS)\bin\Artwork\iOS\iPhone\FM_SpotlightSearchIcon_40x40.png</iPhone_Spotlight40>
        <iPhone_Spotlight80>$(BDS)\bin\Artwork\iOS\iPhone\FM_SpotlightSearchIcon_80x80.png</iPhone_Spotlight80>
        <iPad_AppIcon76>$(BDS)\bin\Artwork\iOS\iPad\FM_ApplicationIcon_76x76.png</iPad_AppIcon76>
        <iPad_Launch768x1024>$(BDS)\bin\Artwork\iOS\iPad\FM_LaunchImagePortrait_768x1024.png</iPad_Launch768x1024>
        <iPad_Launch1024x768>$(BDS)\bin\Artwork\iOS\iPad\FM_LaunchImageLandscape_1024x768.png</iPad_Launch1024x768>
        <iPhone_AppIcon60>$(BDS)\bin\Artwork\iOS\iPhone\FM_ApplicationIcon_60x60.png</iPhone_AppIcon60>
        <iPad_Launch1536x2048>$(BDS)\bin\Artwork\iOS\iPad\FM_LaunchImagePortrait_1536x2048.png</iPad_Launch1536x2048>
        <iPad_AppIcon152>$(BDS)\bin\Artwork\iOS\iPad\FM_ApplicationIcon_152x152.png</iPad_AppIcon152>
        <iPad_SpotLight40>$(BDS)\bin\Artwork\iOS\iPad\FM_SpotlightSearchIcon_40x40.png</iPad_SpotLight40>
        <iPad_SpotLight80>$(BDS)\bin\Artwork\iOS\iPad\FM_SpotlightSearchIcon_80x80.png</iPad_SpotLight80>
        <iPhone_Launch640>$(BDS)\bin\Artwork\iOS\iPhone\FM_LaunchImage_640x960.png</iPhone_Launch640>
        <iPhone_Launch320>$(BDS)\bin\Artwork\iOS\iPhone\FM_LaunchImage_320x480.png</iPhone_Launch320>
        <iPad_AppIcon144>$(BDS)\bin\Artwork\iOS\iPad\FM_ApplicationIcon_144x144.png</iPad_AppIcon144>
        <VerInfo_IncludeVerInfo>true</VerInfo_IncludeVerInfo>
        <iPad_SpotLight100>$(BDS)\bin\Artwork\iOS\iPad\FM_SpotlightSearchIcon_100x100.png</iPad_SpotLight100>
        <iPhone_Launch640x1136>$(BDS)\bin\Artwork\iOS\iPhone\FM_LaunchImage_640x1136.png</iPhone_Launch640x1136>
        <iPhone_Spotlight58>$(BDS)\bin\Artwork\iOS\iPhone\FM_SpotlightSearchIcon_58x58.png</iPhone_Spotlight58>
        <iPhone_Spotlight29>$(BDS)\bin\Artwork\iOS\iPhone\FM_SpotlightSearchIcon_29x29.png</iPhone_Spotlight29>
        <iPad_Launch1536>$(BDS)\bin\Artwork\iOS\iPad\FM_LaunchImagePortrait_1536x2008.png</iPad_Launch1536>
        <iPhone_AppIcon57>$(BDS)\bin\Artwork\iOS\iPhone\FM_ApplicationIcon_57x57.png</iPhone_AppIcon57>
        <iPhone_AppIcon114>$(BDS)\bin\Artwork\iOS\iPhone\FM_ApplicationIcon_114x114.png</iPhone_AppIcon114>
        <VerInfo_Keys>CFBundleName=$(MSBuildProjectName);CFBundleDevelopmentRegion=en;CFBundleDisplayName=$(MSBuildProjectName);CFBundleIdentifier=$(MSBuildProjectName);CFBundleInfoDictionaryVersion=6.0;CFBundleVersion=1.0.0.0;CFBundlePackageType=APPL;CFBundleSignature=????;LSRequiresIPhoneOS=true;CFBundleAllowMixedLocalizations=YES;CFBundleExecutable=$(MSBuildProjectName);UIDeviceFamily=iPhone &amp; iPad;CFBundleResourceSpecification=ResourceRules.plist</VerInfo_Keys>
        <VerInfo_UIDeviceFamily>iPhoneAndiPad</VerInfo_UIDeviceFamily>
        <iPad_SpotLight50>$(BDS)\bin\Artwork\iOS\iPad\FM_SpotlightSearchIcon_50x50.png</iPad_SpotLight50>
        <iPad_Launch2048>$(BDS)\bin\Artwork\iOS\iPad\FM_LaunchImageLandscape_2048x1496.png</iPad_Launch2048>
        <iPad_Launch1024>$(BDS)\bin\Artwork\iOS\iPad\FM_LaunchImageLandscape_1024x748.png</iPad_Launch1024>
        <DCC_UsePackage>bindcompfmx;DBXSqliteDriver;fmx;rtl;dbrtl;DbxClientDriver;IndySystem;bindcomp;DBXInterBaseDriver;DataSnapClient;DataSnapCommon;DataSnapProviderClient;xmlrtl;DbxCommonDriver;IndyProtocols;dbxcds;bindengine;soaprtl;bindcompdbx;CustomIPTransport;dsnap;fmxase;IndyCore;IndyIPCommon;inet;dbexpress;IndyIPClient;$(DCC_UsePackage)</DCC_UsePackage>
        <iPad_Launch768>$(BDS)\bin\Artwork\iOS\iPad\FM_LaunchImagePortrait_768x1004.png</iPad_Launch768>
        <iPad_Setting58>$(BDS)\bin\Artwork\iOS\iPad\FM_SettingIcon_58x58.png</iPad_Setting58>
        <iPad_Setting29>$(BDS)\bin\Artwork\iOS\iPad\FM_SettingIcon_29x29.png</iPad_Setting29>
        <iPad_AppIcon72>$(BDS)\bin\Artwork\iOS\iPad\FM_ApplicationIcon_72x72.png</iPad_AppIcon72>
    </PropertyGroup>
    <PropertyGroup Condition="'$(Base_Win32)'!=''">
        <Manifest_File>$(BDS)\bin\default_app.manifest</Manifest_File>
        <VerInfo_IncludeVerInfo>true</VerInfo_IncludeVerInfo>
        <VerInfo_Locale>1033</VerInfo_Locale>
        <VerInfo_Keys>CompanyName=;FileDescription=;FileVersion=1.0.0.0;InternalName=;LegalCopyright=;LegalTrademarks=;OriginalFilename=;ProductName=;ProductVersion=1.0.0.0;Comments=</VerInfo_Keys>
        <DCC_UsePackage>bindcompfmx;DBXSqliteDriver;vcldbx;fmx;rtl;dbrtl;DbxClientDriver;IndySystem;bindcomp;inetdb;vclib;inetdbbde;DBXInterBaseDriver;DataSnapClient;DataSnapCommon;DBXOdbcDriver;DataSnapServer;DataSnapProviderClient;xmlrtl;svnui;ibxpress;DbxCommonDriver;DBXSybaseASEDriver;vclimg;IndyProtocols;dbxcds;DBXMySQLDriver;DatasnapConnectorsFreePascal;MetropolisUILiveTile;vclactnband;bindengine;vcldb;soaprtl;bindcompdbx;vcldsnap;bindcompvcl;vclie;vcltouch;DBXDb2Driver;DBXOracleDriver;CustomIPTransport;vclribbon;VclSmp;dsnap;IndyIPServer;DBXInformixDriver;Intraweb;fmxase;vcl;IndyCore;DataSnapConnectors;IndyIPCommon;CloudService;DBXMSSQLDriver;dsnapcon;DBXFirebirdDriver;inet;fmxobj;TMSFMXMapsPkgDXE3;vclx;inetdbxpress;webdsnap;svn;DBXSybaseASADriver;fmxdae;bdertl;dbexpress;adortl;DataSnapIndy10ServerTransport;IndyIPClient;$(DCC_UsePackage)</DCC_UsePackage>
        <DCC_Namespace>Winapi;System.Win;Data.Win;Datasnap.Win;Web.Win;Soap.Win;Xml.Win;Bde;$(DCC_Namespace)</DCC_Namespace>
    </PropertyGroup>
    <PropertyGroup Condition="'$(Cfg_1)'!=''">
        <DCC_Define>DEBUG;$(DCC_Define)</DCC_Define>
        <DCC_DebugDCUs>true</DCC_DebugDCUs>
        <DCC_Optimize>false</DCC_Optimize>
        <DCC_GenerateStackFrames>true</DCC_GenerateStackFrames>
        <DCC_DebugInfoInExe>true</DCC_DebugInfoInExe>
        <DCC_RemoteDebug>true</DCC_RemoteDebug>
    </PropertyGroup>
    <PropertyGroup Condition="'$(Cfg_1_iOSDevice)'!=''">
        <VerInfo_UIDeviceFamily>iPhoneAndiPad</VerInfo_UIDeviceFamily>
        <VerInfo_BundleId>$(MSBuildProjectName)</VerInfo_BundleId>
        <VerInfo_IncludeVerInfo>true</VerInfo_IncludeVerInfo>
    </PropertyGroup>
    <PropertyGroup Condition="'$(Cfg_1_iOSSimulator)'!=''">
        <VerInfo_IncludeVerInfo>true</VerInfo_IncludeVerInfo>
        <VerInfo_UIDeviceFamily>iPhoneAndiPad</VerInfo_UIDeviceFamily>
        <VerInfo_Keys>CFBundleName=$(MSBuildProjectName);CFBundleDevelopmentRegion=en;CFBundleDisplayName=$(MSBuildProjectName);CFBundleIdentifier=$(MSBuildProjectName);CFBundleInfoDictionaryVersion=6.0;CFBundleVersion=1.0.0;CFBundlePackageType=APPL;CFBundleSignature=????;LSRequiresIPhoneOS=true;CFBundleAllowMixedLocalizations=YES;CFBundleExecutable=$(MSBuildProjectName);UIDeviceFamily=iPhone &amp; iPad;CFBundleResourceSpecification=ResourceRules.plist</VerInfo_Keys>
    </PropertyGroup>
    <PropertyGroup Condition="'$(Cfg_1_Win32)'!=''">
        <DCC_RemoteDebug>false</DCC_RemoteDebug>
    </PropertyGroup>
    <PropertyGroup Condition="'$(Cfg_2)'!=''">
        <DCC_LocalDebugSymbols>false</DCC_LocalDebugSymbols>
        <DCC_Define>RELEASE;$(DCC_Define)</DCC_Define>
        <DCC_SymbolReferenceInfo>0</DCC_SymbolReferenceInfo>
        <DCC_DebugInformation>0</DCC_DebugInformation>
    </PropertyGroup>
    <ItemGroup>
        <DelphiCompile Include="$(MainSource)">
            <MainSource>MainSource</MainSource>
        </DelphiCompile>
        <DCCReference Include="UWebOSMapsDemo.pas">
            <Form>Form65</Form>
            <FormType>fmx</FormType>
        </DCCReference>
        <BuildConfiguration Include="Release">
            <Key>Cfg_2</Key>
            <CfgParent>Base</CfgParent>
        </BuildConfiguration>
        <BuildConfiguration Include="Base">
            <Key>Base</Key>
        </BuildConfiguration>
        <BuildConfiguration Include="Debug">
            <Key>Cfg_1</Key>
            <CfgParent>Base</CfgParent>
        </BuildConfiguration>
    </ItemGroup>
    <ProjectExtensions>
        <Borland.Personality>Delphi.Personality.12</Borland.Personality>
        <Borland.ProjectType/>
        <BorlandProject>
            <Delphi.Personality>
                <VersionInfo>
                    <VersionInfo Name="IncludeVerInfo">False</VersionInfo>
                    <VersionInfo Name="AutoIncBuild">False</VersionInfo>
                    <VersionInfo Name="MajorVer">1</VersionInfo>
                    <VersionInfo Name="MinorVer">0</VersionInfo>
                    <VersionInfo Name="Release">0</VersionInfo>
                    <VersionInfo Name="Build">0</VersionInfo>
                    <VersionInfo Name="Debug">False</VersionInfo>
                    <VersionInfo Name="PreRelease">False</VersionInfo>
                    <VersionInfo Name="Special">False</VersionInfo>
                    <VersionInfo Name="Private">False</VersionInfo>
                    <VersionInfo Name="DLL">False</VersionInfo>
                    <VersionInfo Name="Locale">2067</VersionInfo>
                    <VersionInfo Name="CodePage">1252</VersionInfo>
                </VersionInfo>
                <VersionInfoKeys>
                    <VersionInfoKeys Name="CompanyName"/>
                    <VersionInfoKeys Name="FileDescription"/>
                    <VersionInfoKeys Name="FileVersion">1.0.0.0</VersionInfoKeys>
                    <VersionInfoKeys Name="InternalName"/>
                    <VersionInfoKeys Name="LegalCopyright"/>
                    <VersionInfoKeys Name="LegalTrademarks"/>
                    <VersionInfoKeys Name="OriginalFilename"/>
                    <VersionInfoKeys Name="ProductName"/>
                    <VersionInfoKeys Name="ProductVersion">1.0.0.0</VersionInfoKeys>
                    <VersionInfoKeys Name="Comments"/>
                    <VersionInfoKeys Name="CFBundleName"/>
                    <VersionInfoKeys Name="CFBundleDisplayName"/>
                    <VersionInfoKeys Name="UIDeviceFamily"/>
                    <VersionInfoKeys Name="CFBundleIdentifier"/>
                    <VersionInfoKeys Name="CFBundleVersion"/>
                    <VersionInfoKeys Name="CFBundlePackageType"/>
                    <VersionInfoKeys Name="CFBundleSignature"/>
                    <VersionInfoKeys Name="CFBundleAllowMixedLocalizations"/>
                    <VersionInfoKeys Name="UISupportedInterfaceOrientations"/>
                    <VersionInfoKeys Name="CFBundleExecutable"/>
                    <VersionInfoKeys Name="CFBundleResourceSpecification"/>
                    <VersionInfoKeys Name="LSRequiresIPhoneOS"/>
                    <VersionInfoKeys Name="CFBundleInfoDictionaryVersion"/>
                    <VersionInfoKeys Name="CFBundleDevelopmentRegion"/>
                </VersionInfoKeys>
                <Source>
                    <Source Name="MainSource">WebOSMapsDemo.dpr</Source>
                </Source>
                <Excluded_Packages>
                    <Excluded_Packages Name="$(BDSBIN)\bcboffice2k180.bpl">Embarcadero C++Builder Office 2000 Servers Package</Excluded_Packages>
                    <Excluded_Packages Name="$(BDSBIN)\bcbofficexp180.bpl">Embarcadero C++Builder Office XP Servers Package</Excluded_Packages>
                    <Excluded_Packages Name="$(BDSBIN)\dcloffice2k180.bpl">Microsoft Office 2000 Sample Automation Server Wrapper Components</Excluded_Packages>
                    <Excluded_Packages Name="$(BDSBIN)\dclofficexp180.bpl">Microsoft Office XP Sample Automation Server Wrapper Components</Excluded_Packages>
                </Excluded_Packages>
            </Delphi.Personality>
            <Deployment>
                <DeployFile LocalName="$(BDS)\bin\Artwork\iOS\iPhone\FM_ApplicationIcon_57x57.png" Configuration="Debug" Class="iPhone_AppIcon57">
                    <Platform Name="iOSDevice"/>
                </DeployFile>
                <DeployFile LocalName="files\OpenLayers.js" Class="File">
                    <Platform Name="iOSDevice">
                        <RemoteName>OpenLayers.js</RemoteName>
                    </Platform>
                    <Platform Name="iOSSimulator">
                        <RemoteName>OpenLayers.js</RemoteName>
                    </Platform>
                    <Platform Name="Win32">
                        <RemoteName>OpenLayers.js</RemoteName>
                    </Platform>
                </DeployFile>
                <DeployFile LocalName="$(BDS)\bin\Artwork\iOS\iPad\FM_LaunchImageLandscape_2048x1496.png" Configuration="Debug" Class="iPad_Launch2048">
                    <Platform Name="iOSDevice">
                        <RemoteName>Default-Landscape@2x.png</RemoteName>
                    </Platform>
                </DeployFile>
                <DeployFile LocalName="$(BDS)\bin\Artwork\iOS\iPhone\FM_LaunchImage_320x480.png" Configuration="Debug" Class="iPhone_Launch320">
                    <Platform Name="iOSDevice">
                        <RemoteName>Default.png</RemoteName>
                    </Platform>
                </DeployFile>
                <DeployFile LocalName="files\marker-gold.png" Class="File">
                    <Platform Name="iOSDevice">
                        <RemoteName>marker-gold.png</RemoteName>
                    </Platform>
                    <Platform Name="iOSSimulator">
                        <RemoteName>marker-gold.png</RemoteName>
                    </Platform>
                    <Platform Name="Win32">
                        <RemoteName>marker-gold.png</RemoteName>
                    </Platform>
                </DeployFile>
                <DeployFile LocalName="iOSSimulator\Debug\WebOSMapsDemo.info.plist" Configuration="Debug" Class="ProjectiOSSimulatorInfoPList">
                    <Platform Name="iOSSimulator">
                        <RemoteName>Info.plist</RemoteName>
                    </Platform>
                </DeployFile>
                <DeployFile LocalName="files\rio de janeiro statue.png" Class="File">
                    <Platform Name="iOSDevice">
                        <RemoteName>rio de janeiro statue.png</RemoteName>
                    </Platform>
                    <Platform Name="iOSSimulator">
                        <RemoteName>rio de janeiro statue.png</RemoteName>
                    </Platform>
                    <Platform Name="Win32">
                        <RemoteName>rio de janeiro statue.png</RemoteName>
                    </Platform>
                </DeployFile>
                <DeployFile LocalName="files\Petra-Jordan.png" Class="File">
                    <Platform Name="iOSDevice">
                        <RemoteName>Petra-Jordan.png</RemoteName>
                    </Platform>
                    <Platform Name="iOSSimulator">
                        <RemoteName>Petra-Jordan.png</RemoteName>
                    </Platform>
                    <Platform Name="Win32">
                        <RemoteName>Petra-Jordan.png</RemoteName>
                    </Platform>
                </DeployFile>
                <DeployFile LocalName="files\zoom-minus-mini.png" Class="File">
                    <Platform Name="iOSDevice">
                        <RemoteName>zoom-minus-mini.png</RemoteName>
                    </Platform>
                    <Platform Name="iOSSimulator">
                        <RemoteName>zoom-minus-mini.png</RemoteName>
                    </Platform>
                    <Platform Name="Win32">
                        <RemoteName>zoom-minus-mini.png</RemoteName>
                    </Platform>
                </DeployFile>
                <DeployFile LocalName="$(BDS)\bin\Artwork\iOS\iPad\FM_LaunchImagePortrait_768x1024.png" Configuration="Debug" Class="iPad_Launch768x1024">
                    <Platform Name="iOSDevice">
                        <RemoteName>Default-Portrait~ipad.png</RemoteName>
                    </Platform>
                </DeployFile>
                <DeployFile LocalName="$(BDS)\bin\Artwork\iOS\iPad\FM_SettingIcon_58x58.png" Configuration="Debug" Class="iPad_Setting58">
                    <Platform Name="iOSDevice"/>
                </DeployFile>
                <DeployFile LocalName="files\measuring-stick-off.png" Class="File">
                    <Platform Name="iOSDevice">
                        <RemoteName>measuring-stick-off.png</RemoteName>
                    </Platform>
                    <Platform Name="iOSSimulator">
                        <RemoteName>measuring-stick-off.png</RemoteName>
                    </Platform>
                    <Platform Name="Win32">
                        <RemoteName>measuring-stick-off.png</RemoteName>
                    </Platform>
                </DeployFile>
                <DeployFile LocalName="files\goldengate.png" Class="File">
                    <Platform Name="iOSDevice">
                        <RemoteName>goldengate.png</RemoteName>
                    </Platform>
                    <Platform Name="iOSSimulator">
                        <RemoteName>goldengate.png</RemoteName>
                    </Platform>
                    <Platform Name="Win32">
                        <RemoteName>goldengate.png</RemoteName>
                    </Platform>
                </DeployFile>
                <DeployFile LocalName="files\statue of liberty.png" Class="File">
                    <Platform Name="iOSDevice">
                        <RemoteName>statue of liberty.png</RemoteName>
                    </Platform>
                    <Platform Name="iOSSimulator">
                        <RemoteName>statue of liberty.png</RemoteName>
                    </Platform>
                    <Platform Name="Win32">
                        <RemoteName>statue of liberty.png</RemoteName>
                    </Platform>
                </DeployFile>
                <DeployFile LocalName="files\east-mini.png" Class="File">
                    <Platform Name="iOSDevice">
                        <RemoteName>east-mini.png</RemoteName>
                    </Platform>
                    <Platform Name="iOSSimulator">
                        <RemoteName>east-mini.png</RemoteName>
                    </Platform>
                    <Platform Name="Win32">
                        <RemoteName>east-mini.png</RemoteName>
                    </Platform>
                </DeployFile>
                <DeployFile LocalName="$(BDS)\bin\Artwork\iOS\iPad\FM_LaunchImageLandscape_2048x1536.png" Configuration="Debug" Class="iPad_Launch2048x1536">
                    <Platform Name="iOSDevice">
                        <RemoteName>Default-Landscape@2x~ipad.png</RemoteName>
                    </Platform>
                </DeployFile>
                <DeployFile LocalName="$(BDS)\bin\Artwork\iOS\iPhone\FM_LaunchImage_640x1136.png" Configuration="Debug" Class="iPhone_Launch640x1136">
                    <Platform Name="iOSDevice">
                        <RemoteName>Default-568h@2x.png</RemoteName>
                    </Platform>
                </DeployFile>
                <DeployFile LocalName="files\layer-switcher-minimize.png" Class="File">
                    <Platform Name="iOSDevice">
                        <RemoteName>layer-switcher-minimize.png</RemoteName>
                    </Platform>
                    <Platform Name="iOSSimulator">
                        <RemoteName>layer-switcher-minimize.png</RemoteName>
                    </Platform>
                    <Platform Name="Win32">
                        <RemoteName>layer-switcher-minimize.png</RemoteName>
                    </Platform>
                </DeployFile>
                <DeployFile LocalName="$(BDS)\bin\Artwork\iOS\iPhone\FM_ApplicationIcon_114x114.png" Configuration="Debug" Class="iPhone_AppIcon114">
                    <Platform Name="iOSDevice"/>
                </DeployFile>
                <DeployFile LocalName="files\drag-rectangle-off.png" Class="File">
                    <Platform Name="iOSDevice">
                        <RemoteName>drag-rectangle-off.png</RemoteName>
                    </Platform>
                    <Platform Name="iOSSimulator">
                        <RemoteName>drag-rectangle-off.png</RemoteName>
                    </Platform>
                    <Platform Name="Win32">
                        <RemoteName>drag-rectangle-off.png</RemoteName>
                    </Platform>
                </DeployFile>
                <DeployFile LocalName="$(BDS)\bin\Artwork\iOS\iPad\FM_SpotlightSearchIcon_80x80.png" Configuration="Debug" Class="iPad_SpotLight80">
                    <Platform Name="iOSDevice"/>
                </DeployFile>
                <DeployFile LocalName="files\layer-switcher-maximize.png" Class="File">
                    <Platform Name="iOSDevice">
                        <RemoteName>layer-switcher-maximize.png</RemoteName>
                    </Platform>
                    <Platform Name="iOSSimulator">
                        <RemoteName>layer-switcher-maximize.png</RemoteName>
                    </Platform>
                    <Platform Name="Win32">
                        <RemoteName>layer-switcher-maximize.png</RemoteName>
                    </Platform>
                </DeployFile>
                <DeployFile LocalName="$(BDS)\bin\Artwork\iOS\iPad\FM_LaunchImagePortrait_1536x2048.png" Configuration="Debug" Class="iPad_Launch1536x2048">
                    <Platform Name="iOSDevice">
                        <RemoteName>Default-Portrait@2x~ipad.png</RemoteName>
                    </Platform>
                </DeployFile>
                <DeployFile LocalName="files\ArcDeTriomphe.png" Class="File">
                    <Platform Name="iOSDevice">
                        <RemoteName>ArcDeTriomphe.png</RemoteName>
                    </Platform>
                    <Platform Name="iOSSimulator">
                        <RemoteName>ArcDeTriomphe.png</RemoteName>
                    </Platform>
                    <Platform Name="Win32">
                        <RemoteName>ArcDeTriomphe.png</RemoteName>
                    </Platform>
                </DeployFile>
                <DeployFile LocalName="$(BDS)\bin\Artwork\iOS\iPad\FM_SpotlightSearchIcon_100x100.png" Configuration="Debug" Class="iPad_SpotLight100">
                    <Platform Name="iOSDevice"/>
                </DeployFile>
                <DeployFile LocalName="files\marker.png" Class="File">
                    <Platform Name="iOSDevice">
                        <RemoteName>marker.png</RemoteName>
                    </Platform>
                    <Platform Name="iOSSimulator">
                        <RemoteName>marker.png</RemoteName>
                    </Platform>
                    <Platform Name="Win32">
                        <RemoteName>marker.png</RemoteName>
                    </Platform>
                </DeployFile>
                <DeployFile LocalName="$(BDS)\bin\Artwork\iOS\iPad\FM_ApplicationIcon_152x152.png" Configuration="Debug" Class="iPad_AppIcon152">
                    <Platform Name="iOSDevice"/>
                </DeployFile>
                <DeployFile LocalName="files\south-mini.png" Class="File">
                    <Platform Name="iOSDevice">
                        <RemoteName>south-mini.png</RemoteName>
                    </Platform>
                    <Platform Name="iOSSimulator">
                        <RemoteName>south-mini.png</RemoteName>
                    </Platform>
                    <Platform Name="Win32">
                        <RemoteName>south-mini.png</RemoteName>
                    </Platform>
                </DeployFile>
                <DeployFile LocalName="files\Gizeh-pyramids.png" Class="File">
                    <Platform Name="iOSDevice">
                        <RemoteName>Gizeh-pyramids.png</RemoteName>
                    </Platform>
                    <Platform Name="iOSSimulator">
                        <RemoteName>Gizeh-pyramids.png</RemoteName>
                    </Platform>
                    <Platform Name="Win32">
                        <RemoteName>Gizeh-pyramids.png</RemoteName>
                    </Platform>
                </DeployFile>
                <DeployFile LocalName="files\PisaTower.png" Class="File">
                    <Platform Name="iOSDevice">
                        <RemoteName>PisaTower.png</RemoteName>
                    </Platform>
                    <Platform Name="iOSSimulator">
                        <RemoteName>PisaTower.png</RemoteName>
                    </Platform>
                    <Platform Name="Win32">
                        <RemoteName>PisaTower.png</RemoteName>
                    </Platform>
                </DeployFile>
                <DeployFile LocalName="$(BDS)\bin\Artwork\iOS\iPad\FM_ApplicationIcon_144x144.png" Configuration="Debug" Class="iPad_AppIcon144">
                    <Platform Name="iOSDevice"/>
                </DeployFile>
                <DeployFile LocalName="iOSDevice\Debug\WebOSMapsDemo" Configuration="Debug" Class="ProjectOutput">
                    <Platform Name="iOSDevice"/>
                </DeployFile>
                <DeployFile LocalName="files\west-mini.png" Class="File">
                    <Platform Name="iOSDevice">
                        <RemoteName>west-mini.png</RemoteName>
                    </Platform>
                    <Platform Name="iOSSimulator">
                        <RemoteName>west-mini.png</RemoteName>
                    </Platform>
                    <Platform Name="Win32">
                        <RemoteName>west-mini.png</RemoteName>
                    </Platform>
                </DeployFile>
                <DeployFile LocalName="files\north-mini.png" Class="File">
                    <Platform Name="iOSDevice">
                        <RemoteName>north-mini.png</RemoteName>
                    </Platform>
                    <Platform Name="iOSSimulator">
                        <RemoteName>north-mini.png</RemoteName>
                    </Platform>
                    <Platform Name="Win32">
                        <RemoteName>north-mini.png</RemoteName>
                    </Platform>
                </DeployFile>
                <DeployFile LocalName="files\Delicate Arch.png" Class="File">
                    <Platform Name="iOSDevice">
                        <RemoteName>Delicate Arch.png</RemoteName>
                    </Platform>
                    <Platform Name="iOSSimulator">
                        <RemoteName>Delicate Arch.png</RemoteName>
                    </Platform>
                    <Platform Name="Win32">
                        <RemoteName>Delicate Arch.png</RemoteName>
                    </Platform>
                </DeployFile>
                <DeployFile LocalName="iOSDevice\Debug\WebOSMapsDemo.entitlements" Configuration="Debug" Class="ProjectiOSEntitlements">
                    <Platform Name="iOSDevice">
                        <RemoteName>Entitlements.plist</RemoteName>
                    </Platform>
                </DeployFile>
                <DeployFile LocalName="$(BDS)\bin\Artwork\iOS\iPad\FM_SpotlightSearchIcon_50x50.png" Configuration="Debug" Class="iPad_SpotLight50">
                    <Platform Name="iOSDevice"/>
                </DeployFile>
                <DeployFile LocalName="$(BDS)\bin\Artwork\iOS\iPad\FM_SettingIcon_29x29.png" Configuration="Debug" Class="iPad_Setting29">
                    <Platform Name="iOSDevice"/>
                </DeployFile>
                <DeployFile LocalName="files\EiffelTower.png" Class="File">
                    <Platform Name="iOSDevice">
                        <RemoteName>EiffelTower.png</RemoteName>
                    </Platform>
                    <Platform Name="iOSSimulator">
                        <RemoteName>EiffelTower.png</RemoteName>
                    </Platform>
                    <Platform Name="Win32">
                        <RemoteName>EiffelTower.png</RemoteName>
                    </Platform>
                </DeployFile>
                <DeployFile LocalName="$(BDS)\bin\Artwork\iOS\iPhone\FM_LaunchImage_640x960.png" Configuration="Debug" Class="iPhone_Launch640">
                    <Platform Name="iOSDevice">
                        <RemoteName>Default@2x.png</RemoteName>
                    </Platform>
                </DeployFile>
                <DeployFile LocalName="$(BDS)\bin\Artwork\iOS\iPad\FM_LaunchImagePortrait_1536x2008.png" Configuration="Debug" Class="iPad_Launch1536">
                    <Platform Name="iOSDevice">
                        <RemoteName>Default-Portrait@2x.png</RemoteName>
                    </Platform>
                </DeployFile>
                <DeployFile LocalName="iOSSimulator\Debug\WebOSMapsDemo.entitlements" Configuration="Debug" Class="ProjectiOSEntitlements">
                    <Platform Name="iOSSimulator">
                        <RemoteName>Entitlements.plist</RemoteName>
                    </Platform>
                </DeployFile>
                <DeployFile LocalName="$(BDS)\bin\Artwork\iOS\iPad\FM_ApplicationIcon_76x76.png" Configuration="Debug" Class="iPad_AppIcon76">
                    <Platform Name="iOSDevice"/>
                </DeployFile>
                <DeployFile LocalName="$(BDS)\Redist\osx32\libcgunwind.1.0.dylib" Class="DependencyModule">
                    <Platform Name="OSX32"/>
                    <Platform Name="iOSSimulator"/>
                </DeployFile>
                <DeployFile LocalName="files\zoom-world-mini.png" Class="File">
                    <Platform Name="iOSDevice">
                        <RemoteName>zoom-world-mini.png</RemoteName>
                    </Platform>
                    <Platform Name="iOSSimulator">
                        <RemoteName>zoom-world-mini.png</RemoteName>
                    </Platform>
                    <Platform Name="Win32">
                        <RemoteName>zoom-world-mini.png</RemoteName>
                    </Platform>
                </DeployFile>
                <DeployFile LocalName="iOSSimulator\Debug\WebOSMapsDemo" Configuration="Debug" Class="ProjectOutput">
                    <Platform Name="iOSSimulator"/>
                </DeployFile>
                <DeployFile LocalName="iOSDevice\Debug\WebOSMapsDemo.dSYM" Configuration="Debug" Class="ProjectiOSDeviceDebug">
                    <Platform Name="iOSDevice">
                        <RemoteName>OSMapsDemo</RemoteName>
                    </Platform>
                </DeployFile>
                <DeployFile LocalName="files\zoom-plus-mini.png" Class="File">
                    <Platform Name="iOSDevice">
                        <RemoteName>zoom-plus-mini.png</RemoteName>
                    </Platform>
                    <Platform Name="iOSSimulator">
                        <RemoteName>zoom-plus-mini.png</RemoteName>
                    </Platform>
                    <Platform Name="Win32">
                        <RemoteName>zoom-plus-mini.png</RemoteName>
                    </Platform>
                </DeployFile>
                <DeployFile LocalName="$(BDS)\bin\Artwork\iOS\iPhone\FM_ApplicationIcon_120x120.png" Configuration="Debug" Class="iPhone_AppIcon120">
                    <Platform Name="iOSDevice"/>
                </DeployFile>
                <DeployFile LocalName="$(BDS)\bin\Artwork\iOS\iPhone\FM_ApplicationIcon_60x60.png" Configuration="Debug" Class="iPhone_AppIcon60">
                    <Platform Name="iOSDevice"/>
                </DeployFile>
                <DeployFile LocalName="files\slider.png" Class="File">
                    <Platform Name="iOSDevice">
                        <RemoteName>slider.png</RemoteName>
                    </Platform>
                    <Platform Name="iOSSimulator">
                        <RemoteName>slider.png</RemoteName>
                    </Platform>
                    <Platform Name="Win32">
                        <RemoteName>slider.png</RemoteName>
                    </Platform>
                </DeployFile>
                <DeployFile LocalName="files\marker-blue.png" Class="File">
                    <Platform Name="iOSDevice">
                        <RemoteName>marker-blue.png</RemoteName>
                    </Platform>
                    <Platform Name="iOSSimulator">
                        <RemoteName>marker-blue.png</RemoteName>
                    </Platform>
                    <Platform Name="Win32">
                        <RemoteName>marker-blue.png</RemoteName>
                    </Platform>
                </DeployFile>
                <DeployFile LocalName="$(BDS)\bin\Artwork\iOS\iPad\FM_SpotlightSearchIcon_40x40.png" Configuration="Debug" Class="iPad_SpotLight40">
                    <Platform Name="iOSDevice"/>
                </DeployFile>
                <DeployFile LocalName="iOSSimulator\Debug\WebOSMapsDemo.rsm" Configuration="Debug" Class="DebugSymbols">
                    <Platform Name="iOSSimulator">
                        <RemoteName>WebOSMapsDemo.rsm</RemoteName>
                    </Platform>
                </DeployFile>
                <DeployFile LocalName="$(BDS)\bin\Artwork\iOS\iPad\FM_LaunchImageLandscape_1024x768.png" Configuration="Debug" Class="iPad_Launch1024x768">
                    <Platform Name="iOSDevice">
                        <RemoteName>Default-Landscape~ipad.png</RemoteName>
                    </Platform>
                </DeployFile>
                <DeployFile LocalName="files\acropolis.png" Class="File">
                    <Platform Name="iOSDevice">
                        <RemoteName>acropolis.png</RemoteName>
                    </Platform>
                    <Platform Name="iOSSimulator">
                        <RemoteName>acropolis.png</RemoteName>
                    </Platform>
                    <Platform Name="Win32">
                        <RemoteName>acropolis.png</RemoteName>
                    </Platform>
                </DeployFile>
                <DeployFile LocalName="files\empirestatebuilding.png" Class="File">
                    <Platform Name="iOSDevice">
                        <RemoteName>empirestatebuilding.png</RemoteName>
                    </Platform>
                    <Platform Name="iOSSimulator">
                        <RemoteName>empirestatebuilding.png</RemoteName>
                    </Platform>
                    <Platform Name="Win32">
                        <RemoteName>empirestatebuilding.png</RemoteName>
                    </Platform>
                </DeployFile>
                <DeployFile LocalName="files\zoombar.png" Class="File">
                    <Platform Name="iOSDevice">
                        <RemoteName>zoombar.png</RemoteName>
                    </Platform>
                    <Platform Name="iOSSimulator">
                        <RemoteName>zoombar.png</RemoteName>
                    </Platform>
                    <Platform Name="Win32">
                        <RemoteName>zoombar.png</RemoteName>
                    </Platform>
                </DeployFile>
                <DeployFile LocalName="iOSDevice\Debug\WebOSMapsDemo.info.plist" Configuration="Debug" Class="ProjectiOSDeviceInfoPList">
                    <Platform Name="iOSDevice">
                        <RemoteName>Info.plist</RemoteName>
                    </Platform>
                </DeployFile>
                <DeployFile LocalName="$(BDS)\bin\Artwork\iOS\iPhone\FM_SpotlightSearchIcon_40x40.png" Configuration="Debug" Class="iPhone_Spotlight40">
                    <Platform Name="iOSDevice"/>
                </DeployFile>
                <DeployFile LocalName="files\style.css" Class="File">
                    <Platform Name="iOSDevice">
                        <RemoteName>style.css</RemoteName>
                    </Platform>
                    <Platform Name="iOSSimulator">
                        <RemoteName>style.css</RemoteName>
                    </Platform>
                    <Platform Name="Win32">
                        <RemoteName>style.css</RemoteName>
                    </Platform>
                </DeployFile>
                <DeployFile LocalName="files\PetronasTower Kuala Lumpur.png" Class="File">
                    <Platform Name="iOSDevice">
                        <RemoteName>PetronasTower Kuala Lumpur.png</RemoteName>
                    </Platform>
                    <Platform Name="iOSSimulator">
                        <RemoteName>PetronasTower Kuala Lumpur.png</RemoteName>
                    </Platform>
                    <Platform Name="Win32">
                        <RemoteName>PetronasTower Kuala Lumpur.png</RemoteName>
                    </Platform>
                </DeployFile>
                <DeployFile LocalName="files\marker_red.png" Class="File">
                    <Platform Name="iOSDevice">
                        <RemoteName>marker_red.png</RemoteName>
                    </Platform>
                    <Platform Name="iOSSimulator">
                        <RemoteName>marker_red.png</RemoteName>
                    </Platform>
                    <Platform Name="Win32">
                        <RemoteName>marker_red.png</RemoteName>
                    </Platform>
                </DeployFile>
                <DeployFile LocalName="files\cloud-popup-relative.png" Class="File">
                    <Platform Name="iOSDevice">
                        <RemoteName>cloud-popup-relative.png</RemoteName>
                    </Platform>
                    <Platform Name="iOSSimulator">
                        <RemoteName>cloud-popup-relative.png</RemoteName>
                    </Platform>
                    <Platform Name="Win32">
                        <RemoteName>cloud-popup-relative.png</RemoteName>
                    </Platform>
                </DeployFile>
                <DeployFile LocalName="files\drag-rectangle-on.png" Class="File">
                    <Platform Name="iOSDevice">
                        <RemoteName>drag-rectangle-on.png</RemoteName>
                    </Platform>
                    <Platform Name="iOSSimulator">
                        <RemoteName>drag-rectangle-on.png</RemoteName>
                    </Platform>
                    <Platform Name="Win32">
                        <RemoteName>drag-rectangle-on.png</RemoteName>
                    </Platform>
                </DeployFile>
                <DeployFile LocalName="$(BDS)\bin\Artwork\iOS\iPad\FM_ApplicationIcon_72x72.png" Configuration="Debug" Class="iPad_AppIcon72">
                    <Platform Name="iOSDevice"/>
                </DeployFile>
                <DeployFile LocalName="$(BDS)\bin\Artwork\iOS\iPad\FM_LaunchImagePortrait_768x1004.png" Configuration="Debug" Class="iPad_Launch768">
                    <Platform Name="iOSDevice">
                        <RemoteName>Default~ipad.png</RemoteName>
                    </Platform>
                </DeployFile>
                <DeployFile LocalName="files\blank.gif" Class="File">
                    <Platform Name="iOSDevice">
                        <RemoteName>blank.gif</RemoteName>
                    </Platform>
                    <Platform Name="iOSSimulator">
                        <RemoteName>blank.gif</RemoteName>
                    </Platform>
                    <Platform Name="Win32">
                        <RemoteName>blank.gif</RemoteName>
                    </Platform>
                </DeployFile>
                <DeployFile LocalName="files\DisneyParis.jpg" Class="File">
                    <Platform Name="iOSDevice">
                        <RemoteName>DisneyParis.jpg</RemoteName>
                    </Platform>
                    <Platform Name="iOSSimulator">
                        <RemoteName>DisneyParis.jpg</RemoteName>
                    </Platform>
                    <Platform Name="Win32">
                        <RemoteName>DisneyParis.jpg</RemoteName>
                    </Platform>
                </DeployFile>
                <DeployFile LocalName="files\Tajmahal.png" Class="File">
                    <Platform Name="iOSDevice">
                        <RemoteName>Tajmahal.png</RemoteName>
                    </Platform>
                    <Platform Name="iOSSimulator">
                        <RemoteName>Tajmahal.png</RemoteName>
                    </Platform>
                    <Platform Name="Win32">
                        <RemoteName>Tajmahal.png</RemoteName>
                    </Platform>
                </DeployFile>
                <DeployFile LocalName="files\sidney opera house.png" Class="File">
                    <Platform Name="iOSDevice">
                        <RemoteName>sidney opera house.png</RemoteName>
                    </Platform>
                    <Platform Name="iOSSimulator">
                        <RemoteName>sidney opera house.png</RemoteName>
                    </Platform>
                    <Platform Name="Win32">
                        <RemoteName>sidney opera house.png</RemoteName>
                    </Platform>
                </DeployFile>
                <DeployFile LocalName="files\Towerbridge.png" Class="File">
                    <Platform Name="iOSDevice">
                        <RemoteName>Towerbridge.png</RemoteName>
                    </Platform>
                    <Platform Name="iOSSimulator">
                        <RemoteName>Towerbridge.png</RemoteName>
                    </Platform>
                    <Platform Name="Win32">
                        <RemoteName>Towerbridge.png</RemoteName>
                    </Platform>
                </DeployFile>
                <DeployFile LocalName="$(BDS)\bin\Artwork\iOS\iPhone\FM_SpotlightSearchIcon_29x29.png" Configuration="Debug" Class="iPhone_Spotlight29">
                    <Platform Name="iOSDevice"/>
                </DeployFile>
                <DeployFile LocalName="files\red square moscow.png" Class="File">
                    <Platform Name="iOSDevice">
                        <RemoteName>red square moscow.png</RemoteName>
                    </Platform>
                    <Platform Name="iOSSimulator">
                        <RemoteName>red square moscow.png</RemoteName>
                    </Platform>
                    <Platform Name="Win32">
                        <RemoteName>red square moscow.png</RemoteName>
                    </Platform>
                </DeployFile>
                <DeployFile LocalName="iOSDevice\Debug\ResourceRules.plist" Configuration="Debug" Class="ProjectiOSDeviceResourceRules">
                    <Platform Name="iOSDevice">
                        <RemoteName>ResourceRules.plist</RemoteName>
                    </Platform>
                </DeployFile>
                <DeployFile LocalName="files\measuring-stick-on.png" Class="File">
                    <Platform Name="iOSDevice">
                        <RemoteName>measuring-stick-on.png</RemoteName>
                    </Platform>
                    <Platform Name="iOSSimulator">
                        <RemoteName>measuring-stick-on.png</RemoteName>
                    </Platform>
                    <Platform Name="Win32">
                        <RemoteName>measuring-stick-on.png</RemoteName>
                    </Platform>
                </DeployFile>
                <DeployFile LocalName="$(BDS)\bin\Artwork\iOS\iPad\FM_LaunchImageLandscape_1024x748.png" Configuration="Debug" Class="iPad_Launch1024">
                    <Platform Name="iOSDevice">
                        <RemoteName>Default-Landscape.png</RemoteName>
                    </Platform>
                </DeployFile>
                <DeployClass Required="true" Name="DependencyPackage">
                    <Platform Name="iOSDevice">
                        <Operation>1</Operation>
                        <Extensions>.dylib</Extensions>
                    </Platform>
                    <Platform Name="Win32">
                        <Operation>0</Operation>
                        <Extensions>.bpl</Extensions>
                    </Platform>
                    <Platform Name="OSX32">
                        <RemoteDir>Contents\MacOS</RemoteDir>
                        <Operation>1</Operation>
                        <Extensions>.dylib</Extensions>
                    </Platform>
                    <Platform Name="iOSSimulator">
                        <Operation>1</Operation>
                        <Extensions>.dylib</Extensions>
                    </Platform>
                </DeployClass>
                <DeployClass Name="DependencyModule">
                    <Platform Name="iOSDevice">
                        <Operation>1</Operation>
                        <Extensions>.dylib</Extensions>
                    </Platform>
                    <Platform Name="Win32">
                        <Operation>0</Operation>
                        <Extensions>.dll;.bpl</Extensions>
                    </Platform>
                    <Platform Name="OSX32">
                        <RemoteDir>Contents\MacOS</RemoteDir>
                        <Operation>1</Operation>
                        <Extensions>.dylib</Extensions>
                    </Platform>
                    <Platform Name="iOSSimulator">
                        <Operation>1</Operation>
                        <Extensions>.dylib</Extensions>
                    </Platform>
                </DeployClass>
                <DeployClass Name="iPad_Launch2048">
                    <Platform Name="iOSDevice">
                        <Operation>1</Operation>
                    </Platform>
                    <Platform Name="iOSSimulator">
                        <Operation>1</Operation>
                    </Platform>
                </DeployClass>
                <DeployClass Name="ProjectOSXInfoPList">
                    <Platform Name="OSX32">
                        <RemoteDir>Contents</RemoteDir>
                        <Operation>1</Operation>
                    </Platform>
                </DeployClass>
                <DeployClass Name="ProjectiOSDeviceInfoPList">
                    <Platform Name="iOSDevice">
                        <Operation>1</Operation>
                    </Platform>
                </DeployClass>
                <DeployClass Name="ProjectiOSDeviceDebug">
                    <Platform Name="iOSDevice">
                        <RemoteDir>..\$(PROJECTNAME).app.dSYM\Contents\Resources\DWARF</RemoteDir>
                        <Operation>1</Operation>
                    </Platform>
                </DeployClass>
                <DeployClass Name="iPad_Launch1024">
                    <Platform Name="iOSDevice">
                        <Operation>1</Operation>
                    </Platform>
                    <Platform Name="iOSSimulator">
                        <Operation>1</Operation>
                    </Platform>
                </DeployClass>
                <DeployClass Name="ProjectiOSResource">
                    <Platform Name="iOSDevice">
                        <Operation>1</Operation>
                    </Platform>
                    <Platform Name="iOSSimulator">
                        <Operation>1</Operation>
                    </Platform>
                </DeployClass>
                <DeployClass Name="ProjectiOSSimulatorInfoPList">
                    <Platform Name="iOSSimulator">
                        <Operation>1</Operation>
                    </Platform>
                </DeployClass>
                <DeployClass Name="ProjectOSXEntitlements">
                    <Platform Name="OSX32">
                        <RemoteDir>Contents</RemoteDir>
                        <Operation>1</Operation>
                    </Platform>
                </DeployClass>
                <DeployClass Name="iPhone_Launch640">
                    <Platform Name="iOSDevice">
                        <Operation>1</Operation>
                    </Platform>
                    <Platform Name="iOSSimulator">
                        <Operation>1</Operation>
                    </Platform>
                </DeployClass>
                <DeployClass Name="ProjectOSXResource">
                    <Platform Name="OSX32">
                        <RemoteDir>Contents\Resources</RemoteDir>
                        <Operation>1</Operation>
                    </Platform>
                </DeployClass>
                <DeployClass Name="iPhone_Launch320">
                    <Platform Name="iOSDevice">
                        <Operation>1</Operation>
                    </Platform>
                    <Platform Name="iOSSimulator">
                        <Operation>1</Operation>
                    </Platform>
                </DeployClass>
                <DeployClass Name="iPad_Launch768">
                    <Platform Name="iOSDevice">
                        <Operation>1</Operation>
                    </Platform>
                    <Platform Name="iOSSimulator">
                        <Operation>1</Operation>
                    </Platform>
                </DeployClass>
                <DeployClass Required="true" Name="ProjectOutput">
                    <Platform Name="iOSDevice">
                        <Operation>1</Operation>
                    </Platform>
                    <Platform Name="Win32">
                        <Operation>0</Operation>
                    </Platform>
                    <Platform Name="OSX32">
                        <RemoteDir>Contents\MacOS</RemoteDir>
                        <Operation>1</Operation>
                    </Platform>
                    <Platform Name="iOSSimulator">
                        <Operation>1</Operation>
                    </Platform>
                </DeployClass>
                <DeployClass Name="ProjectiOSDeviceResourceRules">
                    <Platform Name="iOSDevice">
                        <Operation>1</Operation>
                    </Platform>
                </DeployClass>
                <DeployClass Name="File">
                    <Platform Name="iOSDevice">
                        <Operation>0</Operation>
                    </Platform>
                    <Platform Name="Win32">
                        <Operation>0</Operation>
                    </Platform>
                    <Platform Name="OSX32">
                        <RemoteDir>Contents\MacOS</RemoteDir>
                        <Operation>0</Operation>
                    </Platform>
                    <Platform Name="iOSSimulator">
                        <Operation>0</Operation>
                    </Platform>
                </DeployClass>
                <DeployClass Name="DebugSymbols">
                    <Platform Name="OSX32">
                        <RemoteDir>Contents\MacOS</RemoteDir>
                        <Operation>1</Operation>
                    </Platform>
                    <Platform Name="iOSSimulator">
                        <Operation>1</Operation>
                    </Platform>
                    <Platform Name="Win32">
                        <Operation>0</Operation>
                    </Platform>
                </DeployClass>
                <DeployClass Name="DependencyFramework">
                    <Platform Name="OSX32">
                        <RemoteDir>Contents\MacOS</RemoteDir>
                        <Operation>1</Operation>
                        <Extensions>.framework</Extensions>
                    </Platform>
                    <Platform Name="Win32">
                        <Operation>0</Operation>
                    </Platform>
                </DeployClass>
                <DeployClass Name="iPhone_Launch640x1136">
                    <Platform Name="iOSDevice">
                        <Operation>1</Operation>
                    </Platform>
                    <Platform Name="iOSSimulator">
                        <Operation>1</Operation>
                    </Platform>
                </DeployClass>
                <DeployClass Name="ProjectiOSEntitlements">
                    <Platform Name="iOSDevice">
                        <Operation>1</Operation>
                    </Platform>
                </DeployClass>
                <DeployClass Name="iPad_Launch1536">
                    <Platform Name="iOSDevice">
                        <Operation>1</Operation>
                    </Platform>
                    <Platform Name="iOSSimulator">
                        <Operation>1</Operation>
                    </Platform>
                </DeployClass>
                <DeployClass Name="AdditionalDebugSymbols">
                    <Platform Name="OSX32">
                        <RemoteDir>Contents\MacOS</RemoteDir>
                        <Operation>1</Operation>
                    </Platform>
                    <Platform Name="iOSSimulator">
                        <Operation>1</Operation>
                    </Platform>
                    <Platform Name="Win32">
                        <RemoteDir>Contents\MacOS</RemoteDir>
                        <Operation>0</Operation>
                    </Platform>
                </DeployClass>
                <ProjectRoot Platform="iOSDevice" Name="$(PROJECTNAME).app"/>
                <ProjectRoot Platform="Win32" Name="$(PROJECTNAME)"/>
                <ProjectRoot Platform="OSX32" Name="$(PROJECTNAME).app"/>
                <ProjectRoot Platform="iOSSimulator" Name="$(PROJECTNAME).app"/>
                <ProjectRoot Platform="Win64" Name="$(PROJECTNAME)"/>
            </Deployment>
            <Platforms>
                <Platform value="Android" ActiveMobileDevice="CB5A1QGCD0">False</Platform>
                <Platform value="iOSDevice" ActiveMobileDevice="%iosdevice%bb40e470078c193d4163b4b63f7b4f1ac0cee0df">True</Platform>
                <Platform value="iOSSimulator" ActiveMobileDevice="iPad">True</Platform>
                <Platform value="Win32">False</Platform>
            </Platforms>
        </BorlandProject>
        <ProjectFileVersion>12</ProjectFileVersion>
    </ProjectExtensions>
    <Import Project="$(BDS)\Bin\CodeGear.Delphi.Targets" Condition="Exists('$(BDS)\Bin\CodeGear.Delphi.Targets')"/>
    <Import Project="$(APPDATA)\Embarcadero\$(BDSAPPDATABASEDIR)\$(PRODUCTVERSION)\UserTools.proj" Condition="Exists('$(APPDATA)\Embarcadero\$(BDSAPPDATABASEDIR)\$(PRODUCTVERSION)\UserTools.proj')"/>
    <Import Project="$(MSBuildProjectName).deployproj" Condition="Exists('$(MSBuildProjectName).deployproj')"/>
</Project>
